
Microsoft Visual Studio Solution File, Format Version 12.00
# Visual Studio 15
VisualStudioVersion = 15.0.27703.2042
MinimumVisualStudioVersion = 10.0.40219.1
Project("{9A19103F-16F7-4668-BE54-9A1E7A4F7556}") = "Employees.App", "Employees.App\Employees.App.csproj", "{6442F4CD-FAF6-49AA-89AE-FA54AADC1D55}"
EndProject
Project("{9A19103F-16F7-4668-BE54-9A1E7A4F7556}") = "Employees.Data", "Employees.Data\Employees.Data.csproj", "{727E54DF-F3F9-4A96-A1F7-8408AD2E5F3E}"
EndProject
Project("{9A19103F-16F7-4668-BE54-9A1E7A4F7556}") = "Employees.Models", "Employees.Models\Employees.Models.csproj", "{A19C8E41-35A9-47AF-8904-69E2E0F03D95}"
EndProject
Project("{FAE04EC0-301F-11D3-BF4B-00C04F79EFBC}") = "Employees.Services", "Employees.Services\Employees.Services.csproj", "{0D8AB1B2-47E9-46A8-ACEE-35B34C3438A0}"
EndProject
Global
	GlobalSection(SolutionConfigurationPlatforms) = preSolution
		Debug|Any CPU = Debug|Any CPU
		Release|Any CPU = Release|Any CPU
	EndGlobalSection
	GlobalSection(ProjectConfigurationPlatforms) = postSolution
		{6442F4CD-FAF6-49AA-89AE-FA54AADC1D55}.Debug|Any CPU.ActiveCfg = Debug|Any CPU
		{6442F4CD-FAF6-49AA-89AE-FA54AADC1D55}.Debug|Any CPU.Build.0 = Debug|Any CPU
		{6442F4CD-FAF6-49AA-89AE-FA54AADC1D55}.Release|Any CPU.ActiveCfg = Release|Any CPU
		{6442F4CD-FAF6-49AA-89AE-FA54AADC1D55}.Release|Any CPU.Build.0 = Release|Any CPU
		{727E54DF-F3F9-4A96-A1F7-8408AD2E5F3E}.Debug|Any CPU.ActiveCfg = Debug|Any CPU
		{727E54DF-F3F9-4A96-A1F7-8408AD2E5F3E}.Debug|Any CPU.Build.0 = Debug|Any CPU
		{727E54DF-F3F9-4A96-A1F7-8408AD2E5F3E}.Release|Any CPU.ActiveCfg = Release|Any CPU
		{727E54DF-F3F9-4A96-A1F7-8408AD2E5F3E}.Release|Any CPU.Build.0 = Release|Any CPU
		{A19C8E41-35A9-47AF-8904-69E2E0F03D95}.Debug|Any CPU.ActiveCfg = Debug|Any CPU
		{A19C8E41-35A9-47AF-8904-69E2E0F03D95}.Debug|Any CPU.Build.0 = Debug|Any CPU
		{A19C8E41-35A9-47AF-8904-69E2E0F03D95}.Release|Any CPU.ActiveCfg = Release|Any CPU
		{A19C8E41-35A9-47AF-8904-69E2E0F03D95}.Release|Any CPU.Build.0 = Release|Any CPU
		{0D8AB1B2-47E9-46A8-ACEE-35B34C3438A0}.Debug|Any CPU.ActiveCfg = Debug|Any CPU
		{0D8AB1B2-47E9-46A8-ACEE-35B34C3438A0}.Debug|Any CPU.Build.0 = Debug|Any CPU
		{0D8AB1B2-47E9-46A8-ACEE-35B34C3438A0}.Release|Any CPU.ActiveCfg = Release|Any CPU
		{0D8AB1B2-47E9-46A8-ACEE-35B34C3438A0}.Release|Any CPU.Build.0 = Release|Any CPU
	EndGlobalSection
	GlobalSection(SolutionProperties) = preSolution
		HideSolutionNode = FALSE
	EndGlobalSection
	GlobalSection(ExtensibilityGlobals) = postSolution
		SolutionGuid = {3E64A574-FFFE-4097-880F-013EDEF9C89C}
	EndGlobalSection
EndGlobal
