
Microsoft Visual Studio Solution File, Format Version 12.00
# Visual Studio 15
VisualStudioVersion = 15.0.27703.2035
MinimumVisualStudioVersion = 10.0.40219.1
Project("{9A19103F-16F7-4668-BE54-9A1E7A4F7556}") = "P01_StudentSystem", "01.StudentSystem\P01_StudentSystem.csproj", "{A7A0FECA-FCA3-4B9A-9DA3-E6E81241F2FE}"
EndProject
Project("{9A19103F-16F7-4668-BE54-9A1E7A4F7556}") = "P02_SeedSomeDataintheDatabase", "P02_SeedSomeDataintheDatabase\P02_SeedSomeDataintheDatabase.csproj", "{AEB30E9E-ED12-48D9-AE8A-457780418B43}"
EndProject
Project("{9A19103F-16F7-4668-BE54-9A1E7A4F7556}") = "P03_FootballBetting", "P03_FootballBetting\P03_FootballBetting.csproj", "{7F65FFB5-639A-4721-A5FC-068651DC62C9}"
EndProject
Project("{FAE04EC0-301F-11D3-BF4B-00C04F79EFBC}") = "P03_FootballBetting.Models", "P03_FootballBetting.Models\P03_FootballBetting.Models.csproj", "{8745C38D-2A00-4613-9E61-6B64721264BF}"
EndProject
Global
	GlobalSection(SolutionConfigurationPlatforms) = preSolution
		Debug|Any CPU = Debug|Any CPU
		Release|Any CPU = Release|Any CPU
	EndGlobalSection
	GlobalSection(ProjectConfigurationPlatforms) = postSolution
		{A7A0FECA-FCA3-4B9A-9DA3-E6E81241F2FE}.Debug|Any CPU.ActiveCfg = Debug|Any CPU
		{A7A0FECA-FCA3-4B9A-9DA3-E6E81241F2FE}.Debug|Any CPU.Build.0 = Debug|Any CPU
		{A7A0FECA-FCA3-4B9A-9DA3-E6E81241F2FE}.Release|Any CPU.ActiveCfg = Release|Any CPU
		{A7A0FECA-FCA3-4B9A-9DA3-E6E81241F2FE}.Release|Any CPU.Build.0 = Release|Any CPU
		{AEB30E9E-ED12-48D9-AE8A-457780418B43}.Debug|Any CPU.ActiveCfg = Debug|Any CPU
		{AEB30E9E-ED12-48D9-AE8A-457780418B43}.Debug|Any CPU.Build.0 = Debug|Any CPU
		{AEB30E9E-ED12-48D9-AE8A-457780418B43}.Release|Any CPU.ActiveCfg = Release|Any CPU
		{AEB30E9E-ED12-48D9-AE8A-457780418B43}.Release|Any CPU.Build.0 = Release|Any CPU
		{7F65FFB5-639A-4721-A5FC-068651DC62C9}.Debug|Any CPU.ActiveCfg = Debug|Any CPU
		{7F65FFB5-639A-4721-A5FC-068651DC62C9}.Debug|Any CPU.Build.0 = Debug|Any CPU
		{7F65FFB5-639A-4721-A5FC-068651DC62C9}.Release|Any CPU.ActiveCfg = Release|Any CPU
		{7F65FFB5-639A-4721-A5FC-068651DC62C9}.Release|Any CPU.Build.0 = Release|Any CPU
		{8745C38D-2A00-4613-9E61-6B64721264BF}.Debug|Any CPU.ActiveCfg = Debug|Any CPU
		{8745C38D-2A00-4613-9E61-6B64721264BF}.Debug|Any CPU.Build.0 = Debug|Any CPU
		{8745C38D-2A00-4613-9E61-6B64721264BF}.Release|Any CPU.ActiveCfg = Release|Any CPU
		{8745C38D-2A00-4613-9E61-6B64721264BF}.Release|Any CPU.Build.0 = Release|Any CPU
	EndGlobalSection
	GlobalSection(SolutionProperties) = preSolution
		HideSolutionNode = FALSE
	EndGlobalSection
	GlobalSection(ExtensibilityGlobals) = postSolution
		SolutionGuid = {9D96C849-905D-446D-8089-B789B62E1CEB}
	EndGlobalSection
EndGlobal
